// !$*UTF8*$!
{
	archiveVersion = 1;
	classes = {
	};
	objectVersion = 46;
	objects = {

/* Begin PBXBuildFile section */
		C63C62D41D42376600C5B939 /* AppDelegate.swift in Sources */ = {isa = PBXBuildFile; fileRef = C63C62D31D42376600C5B939 /* AppDelegate.swift */; };
		C63C62D61D42376600C5B939 /* ViewController.swift in Sources */ = {isa = PBXBuildFile; fileRef = C63C62D51D42376600C5B939 /* ViewController.swift */; };
		C63C62D91D42376600C5B939 /* Main.storyboard in Resources */ = {isa = PBXBuildFile; fileRef = C63C62D71D42376600C5B939 /* Main.storyboard */; };
		C63C62DB1D42376600C5B939 /* Assets.xcassets in Resources */ = {isa = PBXBuildFile; fileRef = C63C62DA1D42376600C5B939 /* Assets.xcassets */; };
		C63C62DE1D42376600C5B939 /* LaunchScreen.storyboard in Resources */ = {isa = PBXBuildFile; fileRef = C63C62DC1D42376600C5B939 /* LaunchScreen.storyboard */; };
/* End PBXBuildFile section */

/* Begin PBXFileReference section */
		C63C62D01D42376600C5B939 /* TheWalkingScrollView.app */ = {isa = PBXFileReference; explicitFileType = wrapper.application; includeInIndex = 0; path = TheWalkingScrollView.app; sourceTree = BUILT_PRODUCTS_DIR; };
		C63C62D31D42376600C5B939 /* AppDelegate.swift */ = {isa = PBXFileReference; lastKnownFileType = sourcecode.swift; path = AppDelegate.swift; sourceTree = "<group>"; };
		C63C62D51D42376600C5B939 /* ViewController.swift */ = {isa = PBXFileReference; lastKnownFileType = sourcecode.swift; path = ViewController.swift; sourceTree = "<group>"; };
		C63C62D81D42376600C5B939 /* Base */ = {isa = PBXFileReference; lastKnownFileType = file.storyboard; name = Base; path = Base.lproj/Main.storyboard; sourceTree = "<group>"; };
		C63C62DA1D42376600C5B939 /* Assets.xcassets */ = {isa = PBXFileReference; lastKnownFileType = folder.assetcatalog; path = Assets.xcassets; sourceTree = "<group>"; };
		C63C62DD1D42376600C5B939 /* Base */ = {isa = PBXFileReference; lastKnownFileType = file.storyboard; name = Base; path = Base.lproj/LaunchScreen.storyboard; sourceTree = "<group>"; };
		C63C62DF1D42376600C5B939 /* Info.plist */ = {isa = PBXFileReference; lastKnownFileType = text.plist.xml; path = Info.plist; sourceTree = "<group>"; };
/* End PBXFileReference section */

/* Begin PBXFrameworksBuildPhase section */
		C63C62CD1D42376600C5B939 /* Frameworks */ = {
			isa = PBXFrameworksBuildPhase;
			buildActionMask = 2147483647;
			files = (
			);
			runOnlyForDeploymentPostprocessing = 0;
		};
/* End PBXFrameworksBuildPhase section */

/* Begin PBXGroup section */
		C63C62C71D42376600C5B939 = {
			isa = PBXGroup;
			children = (
				C63C62D21D42376600C5B939 /* TheWalkingScrollView */,
				C63C62D11D42376600C5B939 /* Products */,
			);
			sourceTree = "<group>";
		};
		C63C62D11D42376600C5B939 /* Products */ = {
			isa = PBXGroup;
			children = (
				C63C62D01D42376600C5B939 /* TheWalkingScrollView.app */,
			);
			name = Products;
			sourceTree = "<group>";
		};
		C63C62D21D42376600C5B939 /* TheWalkingScrollView */ = {
			isa = PBXGroup;
			children = (
				C63C62D31D42376600C5B939 /* AppDelegate.swift */,
				C63C62D51D42376600C5B939 /* ViewController.swift */,
				C63C62D71D42376600C5B939 /* Main.storyboard */,
				C63C62DA1D42376600C5B939 /* Assets.xcassets */,
				C63C62DC1D42376600C5B939 /* LaunchScreen.storyboard */,
				C63C62DF1D42376600C5B939 /* Info.plist */,
			);
			path = TheWalkingScrollView;
			sourceTree = "<group>";
		};
/* End PBXGroup section */

/* Begin PBXNativeTarget section */
		C63C62CF1D42376600C5B939 /* TheWalkingScrollView */ = {
			isa = PBXNativeTarget;
			buildConfigurationList = C63C62E21D42376600C5B939 /* Build configuration list for PBXNativeTarget "TheWalkingScrollView" */;
			buildPhases = (
				C63C62CC1D42376600C5B939 /* Sources */,
				C63C62CD1D42376600C5B939 /* Frameworks */,
				C63C62CE1D42376600C5B939 /* Resources */,
			);
			buildRules = (
			);
			dependencies = (
			);
			name = TheWalkingScrollView;
			productName = TheWalkingScrollView;
			productReference = C63C62D01D42376600C5B939 /* TheWalkingScrollView.app */;
			productType = "com.apple.product-type.application";
		};
/* End PBXNativeTarget section */

/* Begin PBXProject section */
		C63C62C81D42376600C5B939 /* Project object */ = {
			isa = PBXProject;
			attributes = {
				LastSwiftUpdateCheck = 0730;
				LastUpgradeCheck = 0730;
				ORGANIZATIONNAME = Cold;
				TargetAttributes = {
					C63C62CF1D42376600C5B939 = {
						CreatedOnToolsVersion = 7.3.1;
						DevelopmentTeam = GC7YN82RH4;
					};
				};
			};
			buildConfigurationList = C63C62CB1D42376600C5B939 /* Build configuration list for PBXProject "TheWalkingScrollView" */;
			compatibilityVersion = "Xcode 3.2";
			developmentRegion = English;
			hasScannedForEncodings = 0;
			knownRegions = (
				en,
				Base,
			);
			mainGroup = C63C62C71D42376600C5B939;
			productRefGroup = C63C62D11D42376600C5B939 /* Products */;
			projectDirPath = "";
			projectRoot = "";
			targets = (
				C63C62CF1D42376600C5B939 /* TheWalkingScrollView */,
			);
		};
/* End PBXProject section */

/* Begin PBXResourcesBuildPhase section */
		C63C62CE1D42376600C5B939 /* Resources */ = {
			isa = PBXResourcesBuildPhase;
			buildActionMask = 2147483647;
			files = (
				C63C62DE1D42376600C5B939 /* LaunchScreen.storyboard in Resources */,
				C63C62DB1D42376600C5B939 /* Assets.xcassets in Resources */,
				C63C62D91D42376600C5B939 /* Main.storyboard in Resources */,
			);
			runOnlyForDeploymentPostprocessing = 0;
		};
/* End PBXResourcesBuildPhase section */

/* Begin PBXSourcesBuildPhase section */
		C63C62CC1D42376600C5B939 /* Sources */ = {
			isa = PBXSourcesBuildPhase;
			buildActionMask = 2147483647;
			files = (
				C63C62D61D42376600C5B939 /* ViewController.swift in Sources */,
				C63C62D41D42376600C5B939 /* AppDelegate.swift in Sources */,
			);
			runOnlyForDeploymentPostprocessing = 0;
		};
/* End PBXSourcesBuildPhase section */

/* Begin PBXVariantGroup section */
		C63C62D71D42376600C5B939 /* Main.storyboard */ = {
			isa = PBXVariantGroup;
			children = (
				C63C62D81D42376600C5B939 /* Base */,
			);
			name = Main.storyboard;
			sourceTree = "<group>";
		};
		C63C62DC1D42376600C5B939 /* LaunchScreen.storyboard */ = {
			isa = PBXVariantGroup;
			children = (
				C63C62DD1D42376600C5B939 /* Base */,
			);
			name = LaunchScreen.storyboard;
			sourceTree = "<group>";
		};
/* End PBXVariantGroup section */

/* Begin XCBuildConfiguration section */
		C63C62E01D42376600C5B939 /* Debug */ = {
			isa = XCBuildConfiguration;
			buildSettings = {
				ALWAYS_SEARCH_USER_PATHS = NO;
				CLANG_ANALYZER_NONNULL = YES;
				CLANG_CXX_LANGUAGE_STANDARD = "gnu++0x";
				CLANG_CXX_LIBRARY = "libc++";
				CLANG_ENABLE_MODULES = YES;
				CLANG_ENABLE_OBJC_ARC = YES;
				CLANG_WARN_BOOL_CONVERSION = YES;
				CLANG_WARN_CONSTANT_CONVERSION = YES;
				CLANG_WARN_DIRECT_OBJC_ISA_USAGE = YES_ERROR;
				CLANG_WARN_EMPTY_BODY = YES;
				CLANG_WARN_ENUM_CONVERSION = YES;
				CLANG_WARN_INT_CONVERSION = YES;
				CLANG_WARN_OBJC_ROOT_CLASS = YES_ERROR;
				CLANG_WARN_UNREACHABLE_CODE = YES;
				CLANG_WARN__DUPLICATE_METHOD_MATCH = YES;
				"CODE_SIGN_IDENTITY[sdk=iphoneos*]" = "iPhone Developer";
				COPY_PHASE_STRIP = NO;
				DEBUG_INFORMATION_FORMAT = dwarf;
				ENABLE_STRICT_OBJC_MSGSEND = YES;
				ENABLE_TESTABILITY = YES;
				GCC_C_LANGUAGE_STANDARD = gnu99;
				GCC_DYNAMIC_NO_PIC = NO;
				GCC_NO_COMMON_BLOCKS = YES;
				GCC_OPTIMIZATION_LEVEL = 0;
				GCC_PREPROCESSOR_DEFINITIONS = (
					"DEBUG=1",
					"$(inherited)",
				);
				GCC_WARN_64_TO_32_BIT_CONVERSION = YES;
				GCC_WARN_ABOUT_RETURN_TYPE = YES_ERROR;
				GCC_WARN_UNDECLARED_SELECTOR = YES;
				GCC_WARN_UNINITIALIZED_AUTOS = YES_AGGRESSIVE;
				GCC_WARN_UNUSED_FUNCTION = YES;
				GCC_WARN_UNUSED_VARIABLE = YES;
				IPHONEOS_DEPLOYMENT_TARGET = 9.3;
				MTL_ENABLE_DEBUG_INFO = YES;
				ONLY_ACTIVE_ARCH = YES;
				SDKROOT = iphoneos;
				SWIFT_OPTIMIZATION_LEVEL = "-Onone";
				TARGETED_DEVICE_FAMILY = "1,2";
			};
			name = Debug;
		};
		C63C62E11D42376600C5B939 /* Release */ = {
			isa = XCBuildConfiguration;
			buildSettings = {
				ALWAYS_SEARCH_USER_PATHS = NO;
				CLANG_ANALYZER_NONNULL = YES;
				CLANG_CXX_LANGUAGE_STANDARD = "gnu++0x";
				CLANG_CXX_LIBRARY = "libc++";
				CLANG_ENABLE_MODULES = YES;
				CLANG_ENABLE_OBJC_ARC = YES;
				CLANG_WARN_BOOL_CONVERSION = YES;
				CLANG_WARN_CONSTANT_CONVERSION = YES;
				CLANG_WARN_DIRECT_OBJC_ISA_USAGE = YES_ERROR;
				CLANG_WARN_EMPTY_BODY = YES;
				CLANG_WARN_ENUM_CONVERSION = YES;
				CLANG_WARN_INT_CONVERSION = YES;
				CLANG_WARN_OBJC_ROOT_CLASS = YES_ERROR;
				CLANG_WARN_UNREACHABLE_CODE = YES;
				CLANG_WARN__DUPLICATE_METHOD_MATCH = YES;
				"CODE_SIGN_IDENTITY[sdk=iphoneos*]" = "iPhone Developer";
				COPY_PHASE_STRIP = NO;
				DEBUG_INFORMATION_FORMAT = "dwarf-with-dsym";
				ENABLE_NS_ASSERTIONS = NO;
				ENABLE_STRICT_OBJC_MSGSEND = YES;
				GCC_C_LANGUAGE_STANDARD = gnu99;
				GCC_NO_COMMON_BLOCKS = YES;
				GCC_WARN_64_TO_32_BIT_CONVERSION = YES;
				GCC_WARN_ABOUT_RETURN_TYPE = YES_ERROR;
				GCC_WARN_UNDECLARED_SELECTOR = YES;
				GCC_WARN_UNINITIALIZED_AUTOS = YES_AGGRESSIVE;
				GCC_WARN_UNUSED_FUNCTION = YES;
				GCC_WARN_UNUSED_VARIABLE = YES;
				IPHONEOS_DEPLOYMENT_TARGET = 9.3;
				MTL_ENABLE_DEBUG_INFO = NO;
				SDKROOT = iphoneos;
				TARGETED_DEVICE_FAMILY = "1,2";
				VALIDATE_PRODUCT = YES;
			};
			name = Release;
		};
		C63C62E31D42376600C5B939 /* Debug */ = {
			isa = XCBuildConfiguration;
			buildSettings = {
				ASSETCATALOG_COMPILER_APPICON_NAME = AppIcon;
				INFOPLIST_FILE = TheWalkingScrollView/Info.plist;
				LD_RUNPATH_SEARCH_PATHS = "$(inherited) @executable_path/Frameworks";
				PRODUCT_BUNDLE_IDENTIFIER = com.cold.TheWalkingScrollView;
				PRODUCT_NAME = "$(TARGET_NAME)";
			};
			name = Debug;
		};
		C63C62E41D42376600C5B939 /* Release */ = {
			isa = XCBuildConfiguration;
			buildSettings = {
				ASSETCATALOG_COMPILER_APPICON_NAME = AppIcon;
				INFOPLIST_FILE = TheWalkingScrollView/Info.plist;
				LD_RUNPATH_SEARCH_PATHS = "$(inherited) @executable_path/Frameworks";
				PRODUCT_BUNDLE_IDENTIFIER = com.cold.TheWalkingScrollView;
				PRODUCT_NAME = "$(TARGET_NAME)";
			};
			name = Release;
		};
/* End XCBuildConfiguration section */

/* Begin XCConfigurationList section */
		C63C62CB1D42376600C5B939 /* Build configuration list for PBXProject "TheWalkingScrollView" */ = {
			isa = XCConfigurationList;
			buildConfigurations = (
				C63C62E01D42376600C5B939 /* Debug */,
				C63C62E11D42376600C5B939 /* Release */,
			);
			defaultConfigurationIsVisible = 0;
			defaultConfigurationName = Release;
		};
		C63C62E21D42376600C5B939 /* Build configuration list for PBXNativeTarget "TheWalkingScrollView" */ = {
			isa = XCConfigurationList;
			buildConfigurations = (
				C63C62E31D42376600C5B939 /* Debug */,
				C63C62E41D42376600C5B939 /* Release */,
			);
			defaultConfigurationIsVisible = 0;
		};
/* End XCConfigurationList section */
	};
	rootObject = C63C62C81D42376600C5B939 /* Project object */;
}
